dependencies:
- name: redis
  repository: oci://registry-1.docker.io/bitnamicharts
  version: 19.5.3
- name: ingress-nginx
  repository: https://kubernetes.github.io/ingress-nginx
  version: 4.10.1
digest: sha256:8bc933ee95b224a6384dd3a5a419558f339c0ba7384be10923bf368139ec750f
generated: "2024-06-17T13:15:39.850246425+02:00"
